
Microsoft Visual Studio Solution File, Format Version 12.00
# Visual Studio Version 17
VisualStudioVersion = 17.6.33829.357
MinimumVisualStudioVersion = 10.0.40219.1
Project("{9A19103F-16F7-4668-BE54-9A1E7A4F7556}") = "PortalListing", "PortalListing\PortalListing.csproj", "{66918D33-DABF-4617-A9F3-A3EAD96E2F78}"
EndProject
Project("{9A19103F-16F7-4668-BE54-9A1E7A4F7556}") = "HotelListingMinimal", "HotelListingMinimal\HotelListingMinimal.csproj", "{49D53298-D01A-4294-9E1F-287B066FC3EC}"
EndProject
Global
	GlobalSection(SolutionConfigurationPlatforms) = preSolution
		Debug|Any CPU = Debug|Any CPU
		Release|Any CPU = Release|Any CPU
	EndGlobalSection
	GlobalSection(ProjectConfigurationPlatforms) = postSolution
		{66918D33-DABF-4617-A9F3-A3EAD96E2F78}.Debug|Any CPU.ActiveCfg = Debug|Any CPU
		{66918D33-DABF-4617-A9F3-A3EAD96E2F78}.Debug|Any CPU.Build.0 = Debug|Any CPU
		{66918D33-DABF-4617-A9F3-A3EAD96E2F78}.Release|Any CPU.ActiveCfg = Release|Any CPU
		{66918D33-DABF-4617-A9F3-A3EAD96E2F78}.Release|Any CPU.Build.0 = Release|Any CPU
		{49D53298-D01A-4294-9E1F-287B066FC3EC}.Debug|Any CPU.ActiveCfg = Debug|Any CPU
		{49D53298-D01A-4294-9E1F-287B066FC3EC}.Debug|Any CPU.Build.0 = Debug|Any CPU
		{49D53298-D01A-4294-9E1F-287B066FC3EC}.Release|Any CPU.ActiveCfg = Release|Any CPU
		{49D53298-D01A-4294-9E1F-287B066FC3EC}.Release|Any CPU.Build.0 = Release|Any CPU
	EndGlobalSection
	GlobalSection(SolutionProperties) = preSolution
		HideSolutionNode = FALSE
	EndGlobalSection
	GlobalSection(ExtensibilityGlobals) = postSolution
		SolutionGuid = {90CFCBC8-C259-41D5-A2FA-5A1ADA69B70C}
	EndGlobalSection
EndGlobal
